
Microsoft Visual Studio Solution File, Format Version 12.00
# Visual Studio Version 16
VisualStudioVersion = 16.0.30330.147
MinimumVisualStudioVersion = 10.0.40219.1
Project("{FAE04EC0-301F-11D3-BF4B-00C04F79EFBC}") = "mindbox_стажировка", "mindbox_стажировка\mindbox_стажировка.csproj", "{74EC91F2-8045-455F-9BC6-6F083E14F8F7}"
EndProject
Project("{FAE04EC0-301F-11D3-BF4B-00C04F79EFBC}") = "ShapeTests", "ShapeTests\ShapeTests.csproj", "{D11B0106-3890-4DB7-A27C-E654821D38C4}"
EndProject
Global
	GlobalSection(SolutionConfigurationPlatforms) = preSolution
		Debug|Any CPU = Debug|Any CPU
		Release|Any CPU = Release|Any CPU
	EndGlobalSection
	GlobalSection(ProjectConfigurationPlatforms) = postSolution
		{74EC91F2-8045-455F-9BC6-6F083E14F8F7}.Debug|Any CPU.ActiveCfg = Debug|Any CPU
		{74EC91F2-8045-455F-9BC6-6F083E14F8F7}.Debug|Any CPU.Build.0 = Debug|Any CPU
		{74EC91F2-8045-455F-9BC6-6F083E14F8F7}.Release|Any CPU.ActiveCfg = Release|Any CPU
		{74EC91F2-8045-455F-9BC6-6F083E14F8F7}.Release|Any CPU.Build.0 = Release|Any CPU
		{D11B0106-3890-4DB7-A27C-E654821D38C4}.Debug|Any CPU.ActiveCfg = Debug|Any CPU
		{D11B0106-3890-4DB7-A27C-E654821D38C4}.Debug|Any CPU.Build.0 = Debug|Any CPU
		{D11B0106-3890-4DB7-A27C-E654821D38C4}.Release|Any CPU.ActiveCfg = Release|Any CPU
		{D11B0106-3890-4DB7-A27C-E654821D38C4}.Release|Any CPU.Build.0 = Release|Any CPU
	EndGlobalSection
	GlobalSection(SolutionProperties) = preSolution
		HideSolutionNode = FALSE
	EndGlobalSection
	GlobalSection(ExtensibilityGlobals) = postSolution
		SolutionGuid = {3BA65A47-CEA2-4C79-9AD4-411127007D7A}
	EndGlobalSection
EndGlobal
